
Microsoft Visual Studio Solution File, Format Version 12.00
# Visual Studio Version 17
VisualStudioVersion = 17.3.32929.385
MinimumVisualStudioVersion = 10.0.40219.1
Project("{FAE04EC0-301F-11D3-BF4B-00C04F79EFBC}") = "InternshipProject", "InternshipProject\InternshipProject.csproj", "{904D6410-2E0E-4C1D-BAC2-83E0CD991BCC}"
EndProject
Project("{FAE04EC0-301F-11D3-BF4B-00C04F79EFBC}") = "InternshipProject.DAL", "InternshipProject.DAL\InternshipProject.DAL.csproj", "{C4E6FBB1-AF42-4321-81DC-A1C2412E0B4A}"
EndProject
Project("{FAE04EC0-301F-11D3-BF4B-00C04F79EFBC}") = "InternshipProject.BLL", "InternshipProject.BLL\InternshipProject.BLL.csproj", "{9E766F3E-CFAF-47EB-88F9-49685EEB30E7}"
EndProject
Global
	GlobalSection(SolutionConfigurationPlatforms) = preSolution
		Debug|Any CPU = Debug|Any CPU
		Release|Any CPU = Release|Any CPU
	EndGlobalSection
	GlobalSection(ProjectConfigurationPlatforms) = postSolution
		{904D6410-2E0E-4C1D-BAC2-83E0CD991BCC}.Debug|Any CPU.ActiveCfg = Debug|Any CPU
		{904D6410-2E0E-4C1D-BAC2-83E0CD991BCC}.Debug|Any CPU.Build.0 = Debug|Any CPU
		{904D6410-2E0E-4C1D-BAC2-83E0CD991BCC}.Release|Any CPU.ActiveCfg = Release|Any CPU
		{904D6410-2E0E-4C1D-BAC2-83E0CD991BCC}.Release|Any CPU.Build.0 = Release|Any CPU
		{C4E6FBB1-AF42-4321-81DC-A1C2412E0B4A}.Debug|Any CPU.ActiveCfg = Debug|Any CPU
		{C4E6FBB1-AF42-4321-81DC-A1C2412E0B4A}.Debug|Any CPU.Build.0 = Debug|Any CPU
		{C4E6FBB1-AF42-4321-81DC-A1C2412E0B4A}.Release|Any CPU.ActiveCfg = Release|Any CPU
		{C4E6FBB1-AF42-4321-81DC-A1C2412E0B4A}.Release|Any CPU.Build.0 = Release|Any CPU
		{9E766F3E-CFAF-47EB-88F9-49685EEB30E7}.Debug|Any CPU.ActiveCfg = Debug|Any CPU
		{9E766F3E-CFAF-47EB-88F9-49685EEB30E7}.Debug|Any CPU.Build.0 = Debug|Any CPU
		{9E766F3E-CFAF-47EB-88F9-49685EEB30E7}.Release|Any CPU.ActiveCfg = Release|Any CPU
		{9E766F3E-CFAF-47EB-88F9-49685EEB30E7}.Release|Any CPU.Build.0 = Release|Any CPU
	EndGlobalSection
	GlobalSection(SolutionProperties) = preSolution
		HideSolutionNode = FALSE
	EndGlobalSection
	GlobalSection(ExtensibilityGlobals) = postSolution
		SolutionGuid = {302DE8E6-5634-47E3-B0ED-80D29151BDCF}
	EndGlobalSection
EndGlobal
